
Microsoft Visual Studio Solution File, Format Version 12.00
# Visual Studio Version 17
VisualStudioVersion = 17.5.33627.172
MinimumVisualStudioVersion = 10.0.40219.1
Project("{FAE04EC0-301F-11D3-BF4B-00C04F79EFBC}") = "Flow Admin", "Flow Admin\Flow Admin.csproj", "{8D811E75-4124-43A7-950D-BA6D7FD046CA}"
EndProject
Project("{2150E333-8FDC-42A3-9474-1A3956D46DE8}") = "Solution Items", "Solution Items", "{CA5C71A1-5B58-4992-A38B-C9AF03D541D5}"
	ProjectSection(SolutionItems) = preProject
		FlowAdmin.nuspec = FlowAdmin.nuspec
	EndProjectSection
EndProject
Global
	GlobalSection(SolutionConfigurationPlatforms) = preSolution
		Debug|Any CPU = Debug|Any CPU
		Release|Any CPU = Release|Any CPU
	EndGlobalSection
	GlobalSection(ProjectConfigurationPlatforms) = postSolution
		{8D811E75-4124-43A7-950D-BA6D7FD046CA}.Debug|Any CPU.ActiveCfg = Debug|Any CPU
		{8D811E75-4124-43A7-950D-BA6D7FD046CA}.Debug|Any CPU.Build.0 = Debug|Any CPU
		{8D811E75-4124-43A7-950D-BA6D7FD046CA}.Release|Any CPU.ActiveCfg = Release|Any CPU
		{8D811E75-4124-43A7-950D-BA6D7FD046CA}.Release|Any CPU.Build.0 = Release|Any CPU
	EndGlobalSection
	GlobalSection(SolutionProperties) = preSolution
		HideSolutionNode = FALSE
	EndGlobalSection
	GlobalSection(ExtensibilityGlobals) = postSolution
		SolutionGuid = {55DBFFA4-C72E-4FA5-8EE2-8154E6BD3403}
	EndGlobalSection
EndGlobal
